// !$*UTF8*$!
{
	archiveVersion = 1;
	classes = {
	};
	objectVersion = 56;
	objects = {

/* Begin PBXBuildFile section */
		7B815FB42AE9649000CF66A2 /* TabBarController.swift in Sources */ = {isa = PBXBuildFile; fileRef = 7B815FB32AE9649000CF66A2 /* TabBarController.swift */; };
		7BE4BB222AE7CAB900479DDD /* AppDelegate.swift in Sources */ = {isa = PBXBuildFile; fileRef = 7BE4BB212AE7CAB900479DDD /* AppDelegate.swift */; };
		7BE4BB242AE7CAB900479DDD /* SceneDelegate.swift in Sources */ = {isa = PBXBuildFile; fileRef = 7BE4BB232AE7CAB900479DDD /* SceneDelegate.swift */; };
		7BE4BB262AE7CAB900479DDD /* DetailsInfoViewController.swift in Sources */ = {isa = PBXBuildFile; fileRef = 7BE4BB252AE7CAB900479DDD /* DetailsInfoViewController.swift */; };
		7BE4BB292AE7CAB900479DDD /* Main.storyboard in Resources */ = {isa = PBXBuildFile; fileRef = 7BE4BB272AE7CAB900479DDD /* Main.storyboard */; };
		7BE4BB2B2AE7CAB900479DDD /* Assets.xcassets in Resources */ = {isa = PBXBuildFile; fileRef = 7BE4BB2A2AE7CAB900479DDD /* Assets.xcassets */; };
		7BE4BB2E2AE7CAB900479DDD /* LaunchScreen.storyboard in Resources */ = {isa = PBXBuildFile; fileRef = 7BE4BB2C2AE7CAB900479DDD /* LaunchScreen.storyboard */; };
		7BE4BB3B2AE7FD5600479DDD /* ContactListViewController.swift in Sources */ = {isa = PBXBuildFile; fileRef = 7BE4BB3A2AE7FD5600479DDD /* ContactListViewController.swift */; };
		7BE4BB3D2AE7FF3300479DDD /* ListDetailedInfoViewController.swift in Sources */ = {isa = PBXBuildFile; fileRef = 7BE4BB3C2AE7FF3300479DDD /* ListDetailedInfoViewController.swift */; };
		7BE4BB3F2AE801F100479DDD /* Person.swift in Sources */ = {isa = PBXBuildFile; fileRef = 7BE4BB3E2AE801F100479DDD /* Person.swift */; };
		7BE4BB412AE826B300479DDD /* DataStore.swift in Sources */ = {isa = PBXBuildFile; fileRef = 7BE4BB402AE826B300479DDD /* DataStore.swift */; };
/* End PBXBuildFile section */

/* Begin PBXFileReference section */
		7B815FB32AE9649000CF66A2 /* TabBarController.swift */ = {isa = PBXFileReference; lastKnownFileType = sourcecode.swift; path = TabBarController.swift; sourceTree = "<group>"; };
		7BE4BB1E2AE7CAB900479DDD /* ContactList.app */ = {isa = PBXFileReference; explicitFileType = wrapper.application; includeInIndex = 0; path = ContactList.app; sourceTree = BUILT_PRODUCTS_DIR; };
		7BE4BB212AE7CAB900479DDD /* AppDelegate.swift */ = {isa = PBXFileReference; lastKnownFileType = sourcecode.swift; path = AppDelegate.swift; sourceTree = "<group>"; };
		7BE4BB232AE7CAB900479DDD /* SceneDelegate.swift */ = {isa = PBXFileReference; lastKnownFileType = sourcecode.swift; path = SceneDelegate.swift; sourceTree = "<group>"; };
		7BE4BB252AE7CAB900479DDD /* DetailsInfoViewController.swift */ = {isa = PBXFileReference; lastKnownFileType = sourcecode.swift; path = DetailsInfoViewController.swift; sourceTree = "<group>"; };
		7BE4BB282AE7CAB900479DDD /* Base */ = {isa = PBXFileReference; lastKnownFileType = file.storyboard; name = Base; path = Base.lproj/Main.storyboard; sourceTree = "<group>"; };
		7BE4BB2A2AE7CAB900479DDD /* Assets.xcassets */ = {isa = PBXFileReference; lastKnownFileType = folder.assetcatalog; path = Assets.xcassets; sourceTree = "<group>"; };
		7BE4BB2D2AE7CAB900479DDD /* Base */ = {isa = PBXFileReference; lastKnownFileType = file.storyboard; name = Base; path = Base.lproj/LaunchScreen.storyboard; sourceTree = "<group>"; };
		7BE4BB2F2AE7CAB900479DDD /* Info.plist */ = {isa = PBXFileReference; lastKnownFileType = text.plist.xml; path = Info.plist; sourceTree = "<group>"; };
		7BE4BB3A2AE7FD5600479DDD /* ContactListViewController.swift */ = {isa = PBXFileReference; lastKnownFileType = sourcecode.swift; path = ContactListViewController.swift; sourceTree = "<group>"; };
		7BE4BB3C2AE7FF3300479DDD /* ListDetailedInfoViewController.swift */ = {isa = PBXFileReference; lastKnownFileType = sourcecode.swift; path = ListDetailedInfoViewController.swift; sourceTree = "<group>"; };
		7BE4BB3E2AE801F100479DDD /* Person.swift */ = {isa = PBXFileReference; lastKnownFileType = sourcecode.swift; path = Person.swift; sourceTree = "<group>"; };
		7BE4BB402AE826B300479DDD /* DataStore.swift */ = {isa = PBXFileReference; lastKnownFileType = sourcecode.swift; path = DataStore.swift; sourceTree = "<group>"; };
/* End PBXFileReference section */

/* Begin PBXFrameworksBuildPhase section */
		7BE4BB1B2AE7CAB900479DDD /* Frameworks */ = {
			isa = PBXFrameworksBuildPhase;
			buildActionMask = 2147483647;
			files = (
			);
			runOnlyForDeploymentPostprocessing = 0;
		};
/* End PBXFrameworksBuildPhase section */

/* Begin PBXGroup section */
		7BE4BB152AE7CAB900479DDD = {
			isa = PBXGroup;
			children = (
				7BE4BB202AE7CAB900479DDD /* ContactList */,
				7BE4BB1F2AE7CAB900479DDD /* Products */,
			);
			sourceTree = "<group>";
		};
		7BE4BB1F2AE7CAB900479DDD /* Products */ = {
			isa = PBXGroup;
			children = (
				7BE4BB1E2AE7CAB900479DDD /* ContactList.app */,
			);
			name = Products;
			sourceTree = "<group>";
		};
		7BE4BB202AE7CAB900479DDD /* ContactList */ = {
			isa = PBXGroup;
			children = (
				7BE4BB352AE7CF4700479DDD /* View Controllers */,
				7BE4BB362AE7CF6B00479DDD /* Models */,
				7BE4BB372AE7CF8300479DDD /* Storyboards */,
				7BE4BB382AE7CFA800479DDD /* SupportingFiles */,
				7BE4BB392AE7CFCA00479DDD /* Resources */,
			);
			path = ContactList;
			sourceTree = "<group>";
		};
		7BE4BB352AE7CF4700479DDD /* View Controllers */ = {
			isa = PBXGroup;
			children = (
				7B815FB32AE9649000CF66A2 /* TabBarController.swift */,
				7BE4BB3A2AE7FD5600479DDD /* ContactListViewController.swift */,
				7BE4BB3C2AE7FF3300479DDD /* ListDetailedInfoViewController.swift */,
				7BE4BB252AE7CAB900479DDD /* DetailsInfoViewController.swift */,
			);
			path = "View Controllers";
			sourceTree = "<group>";
		};
		7BE4BB362AE7CF6B00479DDD /* Models */ = {
			isa = PBXGroup;
			children = (
				7BE4BB3E2AE801F100479DDD /* Person.swift */,
				7BE4BB402AE826B300479DDD /* DataStore.swift */,
			);
			path = Models;
			sourceTree = "<group>";
		};
		7BE4BB372AE7CF8300479DDD /* Storyboards */ = {
			isa = PBXGroup;
			children = (
				7BE4BB2C2AE7CAB900479DDD /* LaunchScreen.storyboard */,
				7BE4BB272AE7CAB900479DDD /* Main.storyboard */,
			);
			path = Storyboards;
			sourceTree = "<group>";
		};
		7BE4BB382AE7CFA800479DDD /* SupportingFiles */ = {
			isa = PBXGroup;
			children = (
				7BE4BB232AE7CAB900479DDD /* SceneDelegate.swift */,
				7BE4BB2F2AE7CAB900479DDD /* Info.plist */,
				7BE4BB212AE7CAB900479DDD /* AppDelegate.swift */,
			);
			path = SupportingFiles;
			sourceTree = "<group>";
		};
		7BE4BB392AE7CFCA00479DDD /* Resources */ = {
			isa = PBXGroup;
			children = (
				7BE4BB2A2AE7CAB900479DDD /* Assets.xcassets */,
			);
			path = Resources;
			sourceTree = "<group>";
		};
/* End PBXGroup section */

/* Begin PBXNativeTarget section */
		7BE4BB1D2AE7CAB900479DDD /* ContactList */ = {
			isa = PBXNativeTarget;
			buildConfigurationList = 7BE4BB322AE7CAB900479DDD /* Build configuration list for PBXNativeTarget "ContactList" */;
			buildPhases = (
				7BE4BB1A2AE7CAB900479DDD /* Sources */,
				7BE4BB1B2AE7CAB900479DDD /* Frameworks */,
				7BE4BB1C2AE7CAB900479DDD /* Resources */,
			);
			buildRules = (
			);
			dependencies = (
			);
			name = ContactList;
			productName = ContactList;
			productReference = 7BE4BB1E2AE7CAB900479DDD /* ContactList.app */;
			productType = "com.apple.product-type.application";
		};
/* End PBXNativeTarget section */

/* Begin PBXProject section */
		7BE4BB162AE7CAB900479DDD /* Project object */ = {
			isa = PBXProject;
			attributes = {
				BuildIndependentTargetsInParallel = 1;
				LastSwiftUpdateCheck = 1500;
				LastUpgradeCheck = 1500;
				TargetAttributes = {
					7BE4BB1D2AE7CAB900479DDD = {
						CreatedOnToolsVersion = 15.0;
					};
				};
			};
			buildConfigurationList = 7BE4BB192AE7CAB900479DDD /* Build configuration list for PBXProject "ContactList" */;
			compatibilityVersion = "Xcode 14.0";
			developmentRegion = en;
			hasScannedForEncodings = 0;
			knownRegions = (
				en,
				Base,
			);
			mainGroup = 7BE4BB152AE7CAB900479DDD;
			productRefGroup = 7BE4BB1F2AE7CAB900479DDD /* Products */;
			projectDirPath = "";
			projectRoot = "";
			targets = (
				7BE4BB1D2AE7CAB900479DDD /* ContactList */,
			);
		};
/* End PBXProject section */

/* Begin PBXResourcesBuildPhase section */
		7BE4BB1C2AE7CAB900479DDD /* Resources */ = {
			isa = PBXResourcesBuildPhase;
			buildActionMask = 2147483647;
			files = (
				7BE4BB2E2AE7CAB900479DDD /* LaunchScreen.storyboard in Resources */,
				7BE4BB2B2AE7CAB900479DDD /* Assets.xcassets in Resources */,
				7BE4BB292AE7CAB900479DDD /* Main.storyboard in Resources */,
			);
			runOnlyForDeploymentPostprocessing = 0;
		};
/* End PBXResourcesBuildPhase section */

/* Begin PBXSourcesBuildPhase section */
		7BE4BB1A2AE7CAB900479DDD /* Sources */ = {
			isa = PBXSourcesBuildPhase;
			buildActionMask = 2147483647;
			files = (
				7BE4BB412AE826B300479DDD /* DataStore.swift in Sources */,
				7B815FB42AE9649000CF66A2 /* TabBarController.swift in Sources */,
				7BE4BB3F2AE801F100479DDD /* Person.swift in Sources */,
				7BE4BB262AE7CAB900479DDD /* DetailsInfoViewController.swift in Sources */,
				7BE4BB222AE7CAB900479DDD /* AppDelegate.swift in Sources */,
				7BE4BB3D2AE7FF3300479DDD /* ListDetailedInfoViewController.swift in Sources */,
				7BE4BB3B2AE7FD5600479DDD /* ContactListViewController.swift in Sources */,
				7BE4BB242AE7CAB900479DDD /* SceneDelegate.swift in Sources */,
			);
			runOnlyForDeploymentPostprocessing = 0;
		};
/* End PBXSourcesBuildPhase section */

/* Begin PBXVariantGroup section */
		7BE4BB272AE7CAB900479DDD /* Main.storyboard */ = {
			isa = PBXVariantGroup;
			children = (
				7BE4BB282AE7CAB900479DDD /* Base */,
			);
			name = Main.storyboard;
			sourceTree = "<group>";
		};
		7BE4BB2C2AE7CAB900479DDD /* LaunchScreen.storyboard */ = {
			isa = PBXVariantGroup;
			children = (
				7BE4BB2D2AE7CAB900479DDD /* Base */,
			);
			name = LaunchScreen.storyboard;
			sourceTree = "<group>";
		};
/* End PBXVariantGroup section */

/* Begin XCBuildConfiguration section */
		7BE4BB302AE7CAB900479DDD /* Debug */ = {
			isa = XCBuildConfiguration;
			buildSettings = {
				ALWAYS_SEARCH_USER_PATHS = NO;
				ASSETCATALOG_COMPILER_GENERATE_SWIFT_ASSET_SYMBOL_EXTENSIONS = YES;
				CLANG_ANALYZER_NONNULL = YES;
				CLANG_ANALYZER_NUMBER_OBJECT_CONVERSION = YES_AGGRESSIVE;
				CLANG_CXX_LANGUAGE_STANDARD = "gnu++20";
				CLANG_ENABLE_MODULES = YES;
				CLANG_ENABLE_OBJC_ARC = YES;
				CLANG_ENABLE_OBJC_WEAK = YES;
				CLANG_WARN_BLOCK_CAPTURE_AUTORELEASING = YES;
				CLANG_WARN_BOOL_CONVERSION = YES;
				CLANG_WARN_COMMA = YES;
				CLANG_WARN_CONSTANT_CONVERSION = YES;
				CLANG_WARN_DEPRECATED_OBJC_IMPLEMENTATIONS = YES;
				CLANG_WARN_DIRECT_OBJC_ISA_USAGE = YES_ERROR;
				CLANG_WARN_DOCUMENTATION_COMMENTS = YES;
				CLANG_WARN_EMPTY_BODY = YES;
				CLANG_WARN_ENUM_CONVERSION = YES;
				CLANG_WARN_INFINITE_RECURSION = YES;
				CLANG_WARN_INT_CONVERSION = YES;
				CLANG_WARN_NON_LITERAL_NULL_CONVERSION = YES;
				CLANG_WARN_OBJC_IMPLICIT_RETAIN_SELF = YES;
				CLANG_WARN_OBJC_LITERAL_CONVERSION = YES;
				CLANG_WARN_OBJC_ROOT_CLASS = YES_ERROR;
				CLANG_WARN_QUOTED_INCLUDE_IN_FRAMEWORK_HEADER = YES;
				CLANG_WARN_RANGE_LOOP_ANALYSIS = YES;
				CLANG_WARN_STRICT_PROTOTYPES = YES;
				CLANG_WARN_SUSPICIOUS_MOVE = YES;
				CLANG_WARN_UNGUARDED_AVAILABILITY = YES_AGGRESSIVE;
				CLANG_WARN_UNREACHABLE_CODE = YES;
				CLANG_WARN__DUPLICATE_METHOD_MATCH = YES;
				COPY_PHASE_STRIP = NO;
				DEBUG_INFORMATION_FORMAT = dwarf;
				ENABLE_STRICT_OBJC_MSGSEND = YES;
				ENABLE_TESTABILITY = YES;
				ENABLE_USER_SCRIPT_SANDBOXING = YES;
				GCC_C_LANGUAGE_STANDARD = gnu17;
				GCC_DYNAMIC_NO_PIC = NO;
				GCC_NO_COMMON_BLOCKS = YES;
				GCC_OPTIMIZATION_LEVEL = 0;
				GCC_PREPROCESSOR_DEFINITIONS = (
					"DEBUG=1",
					"$(inherited)",
				);
				GCC_WARN_64_TO_32_BIT_CONVERSION = YES;
				GCC_WARN_ABOUT_RETURN_TYPE = YES_ERROR;
				GCC_WARN_UNDECLARED_SELECTOR = YES;
				GCC_WARN_UNINITIALIZED_AUTOS = YES_AGGRESSIVE;
				GCC_WARN_UNUSED_FUNCTION = YES;
				GCC_WARN_UNUSED_VARIABLE = YES;
				IPHONEOS_DEPLOYMENT_TARGET = 17.0;
				LOCALIZATION_PREFERS_STRING_CATALOGS = YES;
				MTL_ENABLE_DEBUG_INFO = INCLUDE_SOURCE;
				MTL_FAST_MATH = YES;
				ONLY_ACTIVE_ARCH = YES;
				SDKROOT = iphoneos;
				SWIFT_ACTIVE_COMPILATION_CONDITIONS = "DEBUG $(inherited)";
				SWIFT_OPTIMIZATION_LEVEL = "-Onone";
			};
			name = Debug;
		};
		7BE4BB312AE7CAB900479DDD /* Release */ = {
			isa = XCBuildConfiguration;
			buildSettings = {
				ALWAYS_SEARCH_USER_PATHS = NO;
				ASSETCATALOG_COMPILER_GENERATE_SWIFT_ASSET_SYMBOL_EXTENSIONS = YES;
				CLANG_ANALYZER_NONNULL = YES;
				CLANG_ANALYZER_NUMBER_OBJECT_CONVERSION = YES_AGGRESSIVE;
				CLANG_CXX_LANGUAGE_STANDARD = "gnu++20";
				CLANG_ENABLE_MODULES = YES;
				CLANG_ENABLE_OBJC_ARC = YES;
				CLANG_ENABLE_OBJC_WEAK = YES;
				CLANG_WARN_BLOCK_CAPTURE_AUTORELEASING = YES;
				CLANG_WARN_BOOL_CONVERSION = YES;
				CLANG_WARN_COMMA = YES;
				CLANG_WARN_CONSTANT_CONVERSION = YES;
				CLANG_WARN_DEPRECATED_OBJC_IMPLEMENTATIONS = YES;
				CLANG_WARN_DIRECT_OBJC_ISA_USAGE = YES_ERROR;
				CLANG_WARN_DOCUMENTATION_COMMENTS = YES;
				CLANG_WARN_EMPTY_BODY = YES;
				CLANG_WARN_ENUM_CONVERSION = YES;
				CLANG_WARN_INFINITE_RECURSION = YES;
				CLANG_WARN_INT_CONVERSION = YES;
				CLANG_WARN_NON_LITERAL_NULL_CONVERSION = YES;
				CLANG_WARN_OBJC_IMPLICIT_RETAIN_SELF = YES;
				CLANG_WARN_OBJC_LITERAL_CONVERSION = YES;
				CLANG_WARN_OBJC_ROOT_CLASS = YES_ERROR;
				CLANG_WARN_QUOTED_INCLUDE_IN_FRAMEWORK_HEADER = YES;
				CLANG_WARN_RANGE_LOOP_ANALYSIS = YES;
				CLANG_WARN_STRICT_PROTOTYPES = YES;
				CLANG_WARN_SUSPICIOUS_MOVE = YES;
				CLANG_WARN_UNGUARDED_AVAILABILITY = YES_AGGRESSIVE;
				CLANG_WARN_UNREACHABLE_CODE = YES;
				CLANG_WARN__DUPLICATE_METHOD_MATCH = YES;
				COPY_PHASE_STRIP = NO;
				DEBUG_INFORMATION_FORMAT = "dwarf-with-dsym";
				ENABLE_NS_ASSERTIONS = NO;
				ENABLE_STRICT_OBJC_MSGSEND = YES;
				ENABLE_USER_SCRIPT_SANDBOXING = YES;
				GCC_C_LANGUAGE_STANDARD = gnu17;
				GCC_NO_COMMON_BLOCKS = YES;
				GCC_WARN_64_TO_32_BIT_CONVERSION = YES;
				GCC_WARN_ABOUT_RETURN_TYPE = YES_ERROR;
				GCC_WARN_UNDECLARED_SELECTOR = YES;
				GCC_WARN_UNINITIALIZED_AUTOS = YES_AGGRESSIVE;
				GCC_WARN_UNUSED_FUNCTION = YES;
				GCC_WARN_UNUSED_VARIABLE = YES;
				IPHONEOS_DEPLOYMENT_TARGET = 17.0;
				LOCALIZATION_PREFERS_STRING_CATALOGS = YES;
				MTL_ENABLE_DEBUG_INFO = NO;
				MTL_FAST_MATH = YES;
				SDKROOT = iphoneos;
				SWIFT_COMPILATION_MODE = wholemodule;
				VALIDATE_PRODUCT = YES;
			};
			name = Release;
		};
		7BE4BB332AE7CAB900479DDD /* Debug */ = {
			isa = XCBuildConfiguration;
			buildSettings = {
				ASSETCATALOG_COMPILER_APPICON_NAME = AppIcon;
				ASSETCATALOG_COMPILER_GLOBAL_ACCENT_COLOR_NAME = AccentColor;
				CODE_SIGN_STYLE = Automatic;
				CURRENT_PROJECT_VERSION = 1;
				GENERATE_INFOPLIST_FILE = YES;
				INFOPLIST_FILE = ContactList/SupportingFiles/Info.plist;
				INFOPLIST_KEY_UIApplicationSupportsIndirectInputEvents = YES;
				INFOPLIST_KEY_UILaunchStoryboardName = LaunchScreen;
				INFOPLIST_KEY_UIMainStoryboardFile = Main;
				INFOPLIST_KEY_UISupportedInterfaceOrientations_iPad = "UIInterfaceOrientationPortrait UIInterfaceOrientationPortraitUpsideDown UIInterfaceOrientationLandscapeLeft UIInterfaceOrientationLandscapeRight";
				INFOPLIST_KEY_UISupportedInterfaceOrientations_iPhone = "UIInterfaceOrientationPortrait UIInterfaceOrientationLandscapeLeft UIInterfaceOrientationLandscapeRight";
				LD_RUNPATH_SEARCH_PATHS = (
					"$(inherited)",
					"@executable_path/Frameworks",
				);
				MARKETING_VERSION = 1.0;
				PRODUCT_BUNDLE_IDENTIFIER = Tatya.ContactList;
				PRODUCT_NAME = "$(TARGET_NAME)";
				SUPPORTED_PLATFORMS = "iphoneos iphonesimulator";
				SUPPORTS_MACCATALYST = NO;
				SUPPORTS_MAC_DESIGNED_FOR_IPHONE_IPAD = NO;
				SWIFT_EMIT_LOC_STRINGS = YES;
				SWIFT_VERSION = 5.0;
				TARGETED_DEVICE_FAMILY = 1;
			};
			name = Debug;
		};
		7BE4BB342AE7CAB900479DDD /* Release */ = {
			isa = XCBuildConfiguration;
			buildSettings = {
				ASSETCATALOG_COMPILER_APPICON_NAME = AppIcon;
				ASSETCATALOG_COMPILER_GLOBAL_ACCENT_COLOR_NAME = AccentColor;
				CODE_SIGN_STYLE = Automatic;
				CURRENT_PROJECT_VERSION = 1;
				GENERATE_INFOPLIST_FILE = YES;
				INFOPLIST_FILE = ContactList/SupportingFiles/Info.plist;
				INFOPLIST_KEY_UIApplicationSupportsIndirectInputEvents = YES;
				INFOPLIST_KEY_UILaunchStoryboardName = LaunchScreen;
				INFOPLIST_KEY_UIMainStoryboardFile = Main;
				INFOPLIST_KEY_UISupportedInterfaceOrientations_iPad = "UIInterfaceOrientationPortrait UIInterfaceOrientationPortraitUpsideDown UIInterfaceOrientationLandscapeLeft UIInterfaceOrientationLandscapeRight";
				INFOPLIST_KEY_UISupportedInterfaceOrientations_iPhone = "UIInterfaceOrientationPortrait UIInterfaceOrientationLandscapeLeft UIInterfaceOrientationLandscapeRight";
				LD_RUNPATH_SEARCH_PATHS = (
					"$(inherited)",
					"@executable_path/Frameworks",
				);
				MARKETING_VERSION = 1.0;
				PRODUCT_BUNDLE_IDENTIFIER = Tatya.ContactList;
				PRODUCT_NAME = "$(TARGET_NAME)";
				SUPPORTED_PLATFORMS = "iphoneos iphonesimulator";
				SUPPORTS_MACCATALYST = NO;
				SUPPORTS_MAC_DESIGNED_FOR_IPHONE_IPAD = NO;
				SWIFT_EMIT_LOC_STRINGS = YES;
				SWIFT_VERSION = 5.0;
				TARGETED_DEVICE_FAMILY = 1;
			};
			name = Release;
		};
/* End XCBuildConfiguration section */

/* Begin XCConfigurationList section */
		7BE4BB192AE7CAB900479DDD /* Build configuration list for PBXProject "ContactList" */ = {
			isa = XCConfigurationList;
			buildConfigurations = (
				7BE4BB302AE7CAB900479DDD /* Debug */,
				7BE4BB312AE7CAB900479DDD /* Release */,
			);
			defaultConfigurationIsVisible = 0;
			defaultConfigurationName = Release;
		};
		7BE4BB322AE7CAB900479DDD /* Build configuration list for PBXNativeTarget "ContactList" */ = {
			isa = XCConfigurationList;
			buildConfigurations = (
				7BE4BB332AE7CAB900479DDD /* Debug */,
				7BE4BB342AE7CAB900479DDD /* Release */,
			);
			defaultConfigurationIsVisible = 0;
			defaultConfigurationName = Release;
		};
/* End XCConfigurationList section */
	};
	rootObject = 7BE4BB162AE7CAB900479DDD /* Project object */;
}
